{
  "object": {
    "pins": [
      {
        "package": "Resourceful",
        "repositoryURL": "https://github.com/danielctull/Resourceful",
        "state": {
          "branch": "master",
          "revision": "2a7bfa929511932f6f91f6099783fbf93b469535",
          "version": null
        }
      },
      {
        "package": "swift-argument-parser",
        "repositoryURL": "https://github.com/apple/swift-argument-parser",
        "state": {
          "branch": null,
          "revision": "9f04d1ff1afbccd02279338a2c91e5f27c45e93a",
          "version": "0.0.5"
        }
      },
      {
        "package": "XMLCoder",
        "repositoryURL": "https://github.com/MaxDesiatov/XMLCoder.git",
        "state": {
          "branch": null,
          "revision": "590feacb7c486769bf0c0a654bd6bcd0e9c34fb9",
          "version": "0.11.0"
        }
      }
    ]
  },
  "version": 1
}
