{
  "object": {
    "pins": [
      {
        "package": "Resourceful",
        "repositoryURL": "https://github.com/danielctull/Resourceful",
        "state": {
          "branch": null,
          "revision": "2d1aeeeac539c9133bb326fd29f57ce8e592f508",
          "version": "1.0.0"
        }
      },
      {
        "package": "swift-argument-parser",
        "repositoryURL": "https://github.com/apple/swift-argument-parser",
        "state": {
          "branch": null,
          "revision": "8d31a0905c346a45c87773ad50862b5b3df8dff6",
          "version": "0.0.4"
        }
      },
      {
        "package": "XMLCoder",
        "repositoryURL": "https://github.com/MaxDesiatov/XMLCoder.git",
        "state": {
          "branch": null,
          "revision": "eae62665fcf012fb5a4dc3a8d69af15bc21a45ba",
          "version": "0.10.0"
        }
      }
    ]
  },
  "version": 1
}
